{
  "name": "photosite",
  "lockfileVersion": 2,
  "requires": true,
  "packages": {
    "": {
      "devDependencies": {
        "lightningcss-cli": "^1.22.0"
      }
    },
    "node_modules/detect-libc": {
      "version": "1.0.3",
      "resolved": "https://registry.npmjs.org/detect-libc/-/detect-libc-1.0.3.tgz",
      "integrity": "sha512-pGjwhsmsp4kL2RTz08wcOlGN83otlqHeD/Z5T8GXZB+/YcpQ/dgo+lbU8ZsGxV0HIvqqxo9l7mqYwyYMD9bKDg==",
      "dev": true,
      "bin": {
        "detect-libc": "bin/detect-libc.js"
      },
      "engines": {
        "node": ">=0.10"
      }
    },
    "node_modules/lightningcss-cli": {
      "version": "1.22.0",
      "resolved": "https://registry.npmjs.org/lightningcss-cli/-/lightningcss-cli-1.22.0.tgz",
      "integrity": "sha512-uJA+a1Yv5Nwq9VD8pAuHv+yS8G0yJP55W2qLwERSetDVxJdnU8QBvfyW8/BFM4GfO4xLliIx31wxMbhmuyxkGw==",
      "dev": true,
      "hasInstallScript": true,
      "dependencies": {
        "detect-libc": "^1.0.3"
      },
      "bin": {
        "lightningcss": "lightningcss"
      },
      "engines": {
        "node": ">= 12.0.0"
      },
      "funding": {
        "type": "opencollective",
        "url": "https://opencollective.com/parcel"
      },
      "optionalDependencies": {
        "lightningcss-cli-darwin-arm64": "1.22.0",
        "lightningcss-cli-darwin-x64": "1.22.0",
        "lightningcss-cli-freebsd-x64": "1.22.0",
        "lightningcss-cli-linux-arm-gnueabihf": "1.22.0",
        "lightningcss-cli-linux-arm64-gnu": "1.22.0",
        "lightningcss-cli-linux-arm64-musl": "1.22.0",
        "lightningcss-cli-linux-x64-gnu": "1.22.0",
        "lightningcss-cli-linux-x64-musl": "1.22.0",
        "lightningcss-cli-win32-x64-msvc": "1.22.0"
      }
    },
    "node_modules/lightningcss-cli-darwin-arm64": {
      "version": "1.22.0",
      "resolved": "https://registry.npmjs.org/lightningcss-cli-darwin-arm64/-/lightningcss-cli-darwin-arm64-1.22.0.tgz",
      "integrity": "sha512-4JDDccSTOX0JItTvPovPIr3HR+YfHl+3f6WUq/Xl+0jlA66YHcm1xmL8wUAf34GGrBrA+tTVEFozKkxCmORYHA==",
      "cpu": [
        "arm64"
      ],
      "dev": true,
      "optional": true,
      "os": [
        "darwin"
      ],
      "engines": {
        "node": ">= 12.0.0"
      },
      "funding": {
        "type": "opencollective",
        "url": "https://opencollective.com/parcel"
      }
    },
    "node_modules/lightningcss-cli-darwin-x64": {
      "version": "1.22.0",
      "resolved": "https://registry.npmjs.org/lightningcss-cli-darwin-x64/-/lightningcss-cli-darwin-x64-1.22.0.tgz",
      "integrity": "sha512-4UEIUqyoQ5k0Kby2XJbYUmqXs8qWbPmVzNcyzEZK6jIPAuQsFh6RQEak7sVreqYN1rTbtLTP+BkWbJ36brLnsA==",
      "cpu": [
        "x64"
      ],
      "dev": true,
      "optional": true,
      "os": [
        "darwin"
      ],
      "engines": {
        "node": ">= 12.0.0"
      },
      "funding": {
        "type": "opencollective",
        "url": "https://opencollective.com/parcel"
      }
    },
    "node_modules/lightningcss-cli-freebsd-x64": {
      "version": "1.22.0",
      "resolved": "https://registry.npmjs.org/lightningcss-cli-freebsd-x64/-/lightningcss-cli-freebsd-x64-1.22.0.tgz",
      "integrity": "sha512-OEBKEsisTM837qEGMME41MlQ/YTrdvSG5UV6+81jhUIVNYGPiHv42iyIKUEa8C9gqiRqRWOMIU60ksuC9UdotQ==",
      "cpu": [
        "x64"
      ],
      "dev": true,
      "optional": true,
      "os": [
        "freebsd"
      ],
      "engines": {
        "node": ">= 12.0.0"
      },
      "funding": {
        "type": "opencollective",
        "url": "https://opencollective.com/parcel"
      }
    },
    "node_modules/lightningcss-cli-linux-arm-gnueabihf": {
      "version": "1.22.0",
      "resolved": "https://registry.npmjs.org/lightningcss-cli-linux-arm-gnueabihf/-/lightningcss-cli-linux-arm-gnueabihf-1.22.0.tgz",
      "integrity": "sha512-r95vVVmNlY3hQPiHz9aeGPMAlvht1OvKyVMSUJ3nXkG8W9XbsOVXwjSI60QAaEj1FlezuUeDjQ1I3JfB6dYHhQ==",
      "cpu": [
        "arm"
      ],
      "dev": true,
      "optional": true,
      "os": [
        "linux"
      ],
      "engines": {
        "node": ">= 12.0.0"
      },
      "funding": {
        "type": "opencollective",
        "url": "https://opencollective.com/parcel"
      }
    },
    "node_modules/lightningcss-cli-linux-arm64-gnu": {
      "version": "1.22.0",
      "resolved": "https://registry.npmjs.org/lightningcss-cli-linux-arm64-gnu/-/lightningcss-cli-linux-arm64-gnu-1.22.0.tgz",
      "integrity": "sha512-UrzE1KKt7lcwoUAM9VP+3gSRrT1mRWZDNxvj7WaQt77SVjxcOKIW4xgrcr3hyn+BpojYXex2nHCh/kCpBu7YIw==",
      "cpu": [
        "arm64"
      ],
      "dev": true,
      "optional": true,
      "os": [
        "linux"
      ],
      "engines": {
        "node": ">= 12.0.0"
      },
      "funding": {
        "type": "opencollective",
        "url": "https://opencollective.com/parcel"
      }
    },
    "node_modules/lightningcss-cli-linux-arm64-musl": {
      "version": "1.22.0",
      "resolved": "https://registry.npmjs.org/lightningcss-cli-linux-arm64-musl/-/lightningcss-cli-linux-arm64-musl-1.22.0.tgz",
      "integrity": "sha512-mSXEMKQt1/ZYxQ/d/GPtjr3yvrCrzV7SIMc+uADnWZelM41hWmeB4D5JRw2PP9ZgNCRVSui5umaLuyjDdeMgeg==",
      "cpu": [
        "arm64"
      ],
      "dev": true,
      "optional": true,
      "os": [
        "linux"
      ],
      "engines": {
        "node": ">= 12.0.0"
      },
      "funding": {
        "type": "opencollective",
        "url": "https://opencollective.com/parcel"
      }
    },
    "node_modules/lightningcss-cli-linux-x64-gnu": {
      "version": "1.22.0",
      "resolved": "https://registry.npmjs.org/lightningcss-cli-linux-x64-gnu/-/lightningcss-cli-linux-x64-gnu-1.22.0.tgz",
      "integrity": "sha512-Gd84GEZcuL/0gxGxuDKZj0D9dROb+mjz5fjBsj9CJnFFwv0K6K0T6bjoigCH8Snmrv8xlkCoou3amvarNdq+cQ==",
      "cpu": [
        "x64"
      ],
      "dev": true,
      "optional": true,
      "os": [
        "linux"
      ],
      "engines": {
        "node": ">= 12.0.0"
      },
      "funding": {
        "type": "opencollective",
        "url": "https://opencollective.com/parcel"
      }
    },
    "node_modules/lightningcss-cli-linux-x64-musl": {
      "version": "1.22.0",
      "resolved": "https://registry.npmjs.org/lightningcss-cli-linux-x64-musl/-/lightningcss-cli-linux-x64-musl-1.22.0.tgz",
      "integrity": "sha512-Hg4Swn57RlwdgQSiGWwqggTPqJQuDtPNXLoEJTFjvQw506ISKnyKsvhonNlEX0gGYNlnKKsaZTVVNzBgjhHuOg==",
      "cpu": [
        "x64"
      ],
      "dev": true,
      "optional": true,
      "os": [
        "linux"
      ],
      "engines": {
        "node": ">= 12.0.0"
      },
      "funding": {
        "type": "opencollective",
        "url": "https://opencollective.com/parcel"
      }
    },
    "node_modules/lightningcss-cli-win32-x64-msvc": {
      "version": "1.22.0",
      "resolved": "https://registry.npmjs.org/lightningcss-cli-win32-x64-msvc/-/lightningcss-cli-win32-x64-msvc-1.22.0.tgz",
      "integrity": "sha512-+S3mMn4fV8yWsOEIrz214Z10O5vkdEjzApZufSzZBN4fpmqONgk0F+hjOwJyQTJ8mpCXmWM+nU3afyC6jt1XoA==",
      "cpu": [
        "x64"
      ],
      "dev": true,
      "optional": true,
      "os": [
        "win32"
      ],
      "engines": {
        "node": ">= 12.0.0"
      },
      "funding": {
        "type": "opencollective",
        "url": "https://opencollective.com/parcel"
      }
    }
  },
  "dependencies": {
    "detect-libc": {
      "version": "1.0.3",
      "resolved": "https://registry.npmjs.org/detect-libc/-/detect-libc-1.0.3.tgz",
      "integrity": "sha512-pGjwhsmsp4kL2RTz08wcOlGN83otlqHeD/Z5T8GXZB+/YcpQ/dgo+lbU8ZsGxV0HIvqqxo9l7mqYwyYMD9bKDg==",
      "dev": true
    },
    "lightningcss-cli": {
      "version": "1.22.0",
      "resolved": "https://registry.npmjs.org/lightningcss-cli/-/lightningcss-cli-1.22.0.tgz",
      "integrity": "sha512-uJA+a1Yv5Nwq9VD8pAuHv+yS8G0yJP55W2qLwERSetDVxJdnU8QBvfyW8/BFM4GfO4xLliIx31wxMbhmuyxkGw==",
      "dev": true,
      "requires": {
        "detect-libc": "^1.0.3",
        "lightningcss-cli-darwin-arm64": "1.22.0",
        "lightningcss-cli-darwin-x64": "1.22.0",
        "lightningcss-cli-freebsd-x64": "1.22.0",
        "lightningcss-cli-linux-arm-gnueabihf": "1.22.0",
        "lightningcss-cli-linux-arm64-gnu": "1.22.0",
        "lightningcss-cli-linux-arm64-musl": "1.22.0",
        "lightningcss-cli-linux-x64-gnu": "1.22.0",
        "lightningcss-cli-linux-x64-musl": "1.22.0",
        "lightningcss-cli-win32-x64-msvc": "1.22.0"
      }
    },
    "lightningcss-cli-darwin-arm64": {
      "version": "1.22.0",
      "resolved": "https://registry.npmjs.org/lightningcss-cli-darwin-arm64/-/lightningcss-cli-darwin-arm64-1.22.0.tgz",
      "integrity": "sha512-4JDDccSTOX0JItTvPovPIr3HR+YfHl+3f6WUq/Xl+0jlA66YHcm1xmL8wUAf34GGrBrA+tTVEFozKkxCmORYHA==",
      "dev": true,
      "optional": true
    },
    "lightningcss-cli-darwin-x64": {
      "version": "1.22.0",
      "resolved": "https://registry.npmjs.org/lightningcss-cli-darwin-x64/-/lightningcss-cli-darwin-x64-1.22.0.tgz",
      "integrity": "sha512-4UEIUqyoQ5k0Kby2XJbYUmqXs8qWbPmVzNcyzEZK6jIPAuQsFh6RQEak7sVreqYN1rTbtLTP+BkWbJ36brLnsA==",
      "dev": true,
      "optional": true
    },
    "lightningcss-cli-freebsd-x64": {
      "version": "1.22.0",
      "resolved": "https://registry.npmjs.org/lightningcss-cli-freebsd-x64/-/lightningcss-cli-freebsd-x64-1.22.0.tgz",
      "integrity": "sha512-OEBKEsisTM837qEGMME41MlQ/YTrdvSG5UV6+81jhUIVNYGPiHv42iyIKUEa8C9gqiRqRWOMIU60ksuC9UdotQ==",
      "dev": true,
      "optional": true
    },
    "lightningcss-cli-linux-arm-gnueabihf": {
      "version": "1.22.0",
      "resolved": "https://registry.npmjs.org/lightningcss-cli-linux-arm-gnueabihf/-/lightningcss-cli-linux-arm-gnueabihf-1.22.0.tgz",
      "integrity": "sha512-r95vVVmNlY3hQPiHz9aeGPMAlvht1OvKyVMSUJ3nXkG8W9XbsOVXwjSI60QAaEj1FlezuUeDjQ1I3JfB6dYHhQ==",
      "dev": true,
      "optional": true
    },
    "lightningcss-cli-linux-arm64-gnu": {
      "version": "1.22.0",
      "resolved": "https://registry.npmjs.org/lightningcss-cli-linux-arm64-gnu/-/lightningcss-cli-linux-arm64-gnu-1.22.0.tgz",
      "integrity": "sha512-UrzE1KKt7lcwoUAM9VP+3gSRrT1mRWZDNxvj7WaQt77SVjxcOKIW4xgrcr3hyn+BpojYXex2nHCh/kCpBu7YIw==",
      "dev": true,
      "optional": true
    },
    "lightningcss-cli-linux-arm64-musl": {
      "version": "1.22.0",
      "resolved": "https://registry.npmjs.org/lightningcss-cli-linux-arm64-musl/-/lightningcss-cli-linux-arm64-musl-1.22.0.tgz",
      "integrity": "sha512-mSXEMKQt1/ZYxQ/d/GPtjr3yvrCrzV7SIMc+uADnWZelM41hWmeB4D5JRw2PP9ZgNCRVSui5umaLuyjDdeMgeg==",
      "dev": true,
      "optional": true
    },
    "lightningcss-cli-linux-x64-gnu": {
      "version": "1.22.0",
      "resolved": "https://registry.npmjs.org/lightningcss-cli-linux-x64-gnu/-/lightningcss-cli-linux-x64-gnu-1.22.0.tgz",
      "integrity": "sha512-Gd84GEZcuL/0gxGxuDKZj0D9dROb+mjz5fjBsj9CJnFFwv0K6K0T6bjoigCH8Snmrv8xlkCoou3amvarNdq+cQ==",
      "dev": true,
      "optional": true
    },
    "lightningcss-cli-linux-x64-musl": {
      "version": "1.22.0",
      "resolved": "https://registry.npmjs.org/lightningcss-cli-linux-x64-musl/-/lightningcss-cli-linux-x64-musl-1.22.0.tgz",
      "integrity": "sha512-Hg4Swn57RlwdgQSiGWwqggTPqJQuDtPNXLoEJTFjvQw506ISKnyKsvhonNlEX0gGYNlnKKsaZTVVNzBgjhHuOg==",
      "dev": true,
      "optional": true
    },
    "lightningcss-cli-win32-x64-msvc": {
      "version": "1.22.0",
      "resolved": "https://registry.npmjs.org/lightningcss-cli-win32-x64-msvc/-/lightningcss-cli-win32-x64-msvc-1.22.0.tgz",
      "integrity": "sha512-+S3mMn4fV8yWsOEIrz214Z10O5vkdEjzApZufSzZBN4fpmqONgk0F+hjOwJyQTJ8mpCXmWM+nU3afyC6jt1XoA==",
      "dev": true,
      "optional": true
    }
  }
}
